
Microsoft Visual Studio Solution File, Format Version 12.00
# Visual Studio 2013
VisualStudioVersion = 12.0.40629.0
MinimumVisualStudioVersion = 10.0.40219.1
Project("{FAE04EC0-301F-11D3-BF4B-00C04F79EFBC}") = "BestWise.YLS.ApiService", "src\平台资源服务\BestWise.YLS.ApiService\BestWise.YLS.ApiService.csproj", "{C88848ED-87EA-49C3-8426-1975C3A5065E}"
EndProject
Project("{FAE04EC0-301F-11D3-BF4B-00C04F79EFBC}") = "BestWise.YLS.FrameWork", "src\平台资源服务\BestWise.YLS.FrameWork\BestWise.YLS.FrameWork.csproj", "{0EA238BE-2D51-4F4D-8370-B201F016856A}"
EndProject
Project("{FAE04EC0-301F-11D3-BF4B-00C04F79EFBC}") = "BestWise.YLS.Model", "src\平台资源服务\BestWise.YLS.Model\BestWise.YLS.Model.csproj", "{E3B954E9-2070-4D9A-B9B9-F49673885EE9}"
EndProject
Project("{FAE04EC0-301F-11D3-BF4B-00C04F79EFBC}") = "BestWise.YLS.Client", "src\平台资源服务\BestWise.YLS.Client\BestWise.YLS.Client.csproj", "{C810E0EF-6F1E-43B8-B078-ECBC8863F6AF}"
EndProject
Project("{2150E333-8FDC-42A3-9474-1A3956D46DE8}") = "平台资源服务", "平台资源服务", "{BF27D69A-E147-43EA-BA95-761151FE2EED}"
EndProject
Project("{2150E333-8FDC-42A3-9474-1A3956D46DE8}") = "平台管理端", "平台管理端", "{6143F7BD-6ADD-4A28-94CB-34C6DBC1A6EB}"
EndProject
Project("{FAE04EC0-301F-11D3-BF4B-00C04F79EFBC}") = "BestWise.YLS.Manage.FrameWork", "src\平台管理端\BestWise.YLS.Manage.FrameWork\BestWise.YLS.Manage.FrameWork.csproj", "{4EED31B1-C55E-4DD0-AB50-2CAA95E19395}"
EndProject
Project("{FAE04EC0-301F-11D3-BF4B-00C04F79EFBC}") = "BestWise.YLS.Manage.Web", "src\平台管理端\BestWise.YLS.Manage.Web\BestWise.YLS.Manage.Web.csproj", "{21339B0E-7D44-4512-A8C5-0DBF8C59F75C}"
EndProject
Project("{2150E333-8FDC-42A3-9474-1A3956D46DE8}") = "平台公共库", "平台公共库", "{1311DAD3-E5A3-4FF4-83EA-26345324E5C8}"
EndProject
Project("{FAE04EC0-301F-11D3-BF4B-00C04F79EFBC}") = "BestWise.Common.File", "src\平台公共库\BestWise.Common.File\BestWise.Common.File.csproj", "{A8690297-44CF-4FA5-AE4D-FEF914AC7558}"
EndProject
Project("{FAE04EC0-301F-11D3-BF4B-00C04F79EFBC}") = "BestWise.User", "..\Common4Net\src\.NET Framework\用户类库\BestWise.User\BestWise.User.csproj", "{D1BC1121-1F8A-4C3F-BAD2-46221941AB7B}"
EndProject
Global
	GlobalSection(SolutionConfigurationPlatforms) = preSolution
		Debug|Any CPU = Debug|Any CPU
		Release|Any CPU = Release|Any CPU
	EndGlobalSection
	GlobalSection(ProjectConfigurationPlatforms) = postSolution
		{C88848ED-87EA-49C3-8426-1975C3A5065E}.Debug|Any CPU.ActiveCfg = Debug|Any CPU
		{C88848ED-87EA-49C3-8426-1975C3A5065E}.Debug|Any CPU.Build.0 = Debug|Any CPU
		{C88848ED-87EA-49C3-8426-1975C3A5065E}.Release|Any CPU.ActiveCfg = Release|Any CPU
		{C88848ED-87EA-49C3-8426-1975C3A5065E}.Release|Any CPU.Build.0 = Release|Any CPU
		{0EA238BE-2D51-4F4D-8370-B201F016856A}.Debug|Any CPU.ActiveCfg = Debug|Any CPU
		{0EA238BE-2D51-4F4D-8370-B201F016856A}.Debug|Any CPU.Build.0 = Debug|Any CPU
		{0EA238BE-2D51-4F4D-8370-B201F016856A}.Release|Any CPU.ActiveCfg = Release|Any CPU
		{0EA238BE-2D51-4F4D-8370-B201F016856A}.Release|Any CPU.Build.0 = Release|Any CPU
		{E3B954E9-2070-4D9A-B9B9-F49673885EE9}.Debug|Any CPU.ActiveCfg = Debug|Any CPU
		{E3B954E9-2070-4D9A-B9B9-F49673885EE9}.Debug|Any CPU.Build.0 = Debug|Any CPU
		{E3B954E9-2070-4D9A-B9B9-F49673885EE9}.Release|Any CPU.ActiveCfg = Release|Any CPU
		{E3B954E9-2070-4D9A-B9B9-F49673885EE9}.Release|Any CPU.Build.0 = Release|Any CPU
		{C810E0EF-6F1E-43B8-B078-ECBC8863F6AF}.Debug|Any CPU.ActiveCfg = Debug|Any CPU
		{C810E0EF-6F1E-43B8-B078-ECBC8863F6AF}.Debug|Any CPU.Build.0 = Debug|Any CPU
		{C810E0EF-6F1E-43B8-B078-ECBC8863F6AF}.Release|Any CPU.ActiveCfg = Release|Any CPU
		{C810E0EF-6F1E-43B8-B078-ECBC8863F6AF}.Release|Any CPU.Build.0 = Release|Any CPU
		{4EED31B1-C55E-4DD0-AB50-2CAA95E19395}.Debug|Any CPU.ActiveCfg = Debug|Any CPU
		{4EED31B1-C55E-4DD0-AB50-2CAA95E19395}.Debug|Any CPU.Build.0 = Debug|Any CPU
		{4EED31B1-C55E-4DD0-AB50-2CAA95E19395}.Release|Any CPU.ActiveCfg = Release|Any CPU
		{4EED31B1-C55E-4DD0-AB50-2CAA95E19395}.Release|Any CPU.Build.0 = Release|Any CPU
		{21339B0E-7D44-4512-A8C5-0DBF8C59F75C}.Debug|Any CPU.ActiveCfg = Debug|Any CPU
		{21339B0E-7D44-4512-A8C5-0DBF8C59F75C}.Debug|Any CPU.Build.0 = Debug|Any CPU
		{21339B0E-7D44-4512-A8C5-0DBF8C59F75C}.Release|Any CPU.ActiveCfg = Release|Any CPU
		{21339B0E-7D44-4512-A8C5-0DBF8C59F75C}.Release|Any CPU.Build.0 = Release|Any CPU
		{A8690297-44CF-4FA5-AE4D-FEF914AC7558}.Debug|Any CPU.ActiveCfg = Debug|Any CPU
		{A8690297-44CF-4FA5-AE4D-FEF914AC7558}.Debug|Any CPU.Build.0 = Debug|Any CPU
		{A8690297-44CF-4FA5-AE4D-FEF914AC7558}.Release|Any CPU.ActiveCfg = Release|Any CPU
		{A8690297-44CF-4FA5-AE4D-FEF914AC7558}.Release|Any CPU.Build.0 = Release|Any CPU
		{D1BC1121-1F8A-4C3F-BAD2-46221941AB7B}.Debug|Any CPU.ActiveCfg = Debug|Any CPU
		{D1BC1121-1F8A-4C3F-BAD2-46221941AB7B}.Debug|Any CPU.Build.0 = Debug|Any CPU
		{D1BC1121-1F8A-4C3F-BAD2-46221941AB7B}.Release|Any CPU.ActiveCfg = Release|Any CPU
		{D1BC1121-1F8A-4C3F-BAD2-46221941AB7B}.Release|Any CPU.Build.0 = Release|Any CPU
	EndGlobalSection
	GlobalSection(SolutionProperties) = preSolution
		HideSolutionNode = FALSE
	EndGlobalSection
	GlobalSection(NestedProjects) = preSolution
		{C88848ED-87EA-49C3-8426-1975C3A5065E} = {BF27D69A-E147-43EA-BA95-761151FE2EED}
		{0EA238BE-2D51-4F4D-8370-B201F016856A} = {BF27D69A-E147-43EA-BA95-761151FE2EED}
		{E3B954E9-2070-4D9A-B9B9-F49673885EE9} = {BF27D69A-E147-43EA-BA95-761151FE2EED}
		{C810E0EF-6F1E-43B8-B078-ECBC8863F6AF} = {BF27D69A-E147-43EA-BA95-761151FE2EED}
		{4EED31B1-C55E-4DD0-AB50-2CAA95E19395} = {6143F7BD-6ADD-4A28-94CB-34C6DBC1A6EB}
		{21339B0E-7D44-4512-A8C5-0DBF8C59F75C} = {6143F7BD-6ADD-4A28-94CB-34C6DBC1A6EB}
		{A8690297-44CF-4FA5-AE4D-FEF914AC7558} = {1311DAD3-E5A3-4FF4-83EA-26345324E5C8}
		{D1BC1121-1F8A-4C3F-BAD2-46221941AB7B} = {BF27D69A-E147-43EA-BA95-761151FE2EED}
	EndGlobalSection
	GlobalSection(ExtensibilityGlobals) = postSolution
		EnterpriseLibraryConfigurationToolBinariesPathV6 = packages\EnterpriseLibrary.Common.6.0.1304.0\lib\NET45;packages\EnterpriseLibrary.Data.6.0.1304.0\lib\NET45
	EndGlobalSection
EndGlobal
